# This file is automatically @generated by Cargo.
# It is not intended for manual editing.
version = 4

[[package]]
name = "apx2rust"
version = "0.1.0"
dependencies = [
 "implementation",
]

[[package]]
name = "implementation"
version = "0.1.0"

[[package]]
name = "vhal-rs"
version = "0.1.0"
dependencies = [
 "apx2rust",
]
